
Microsoft Visual Studio Solution File, Format Version 12.00
# Visual Studio 2015
Project("{FAE04EC0-301F-11D3-BF4B-00C04F79EFBC}") = "Ben_Islander-Dev", "Ben_Islander-Dev.csproj", "{8D8A9C2A-3104-5B52-04A9-A36D5F581FD6}"
EndProject
Project("{FAE04EC0-301F-11D3-BF4B-00C04F79EFBC}") = "Ben_Islander-Dev.Editor", "Ben_Islander-Dev.Editor.csproj", "{4B6B3208-991D-A002-65F4-05BF24146663}"
EndProject
Global
	GlobalSection(SolutionConfigurationPlatforms) = preSolution
		Debug|Any CPU = Debug|Any CPU
		Release|Any CPU = Release|Any CPU
	EndGlobalSection
	GlobalSection(ProjectConfigurationPlatforms) = postSolution
		{8D8A9C2A-3104-5B52-04A9-A36D5F581FD6}.Debug|Any CPU.ActiveCfg = Debug|Any CPU
		{8D8A9C2A-3104-5B52-04A9-A36D5F581FD6}.Debug|Any CPU.Build.0 = Debug|Any CPU
		{8D8A9C2A-3104-5B52-04A9-A36D5F581FD6}.Release|Any CPU.ActiveCfg = Release|Any CPU
		{8D8A9C2A-3104-5B52-04A9-A36D5F581FD6}.Release|Any CPU.Build.0 = Release|Any CPU
		{4B6B3208-991D-A002-65F4-05BF24146663}.Debug|Any CPU.ActiveCfg = Debug|Any CPU
		{4B6B3208-991D-A002-65F4-05BF24146663}.Debug|Any CPU.Build.0 = Debug|Any CPU
		{4B6B3208-991D-A002-65F4-05BF24146663}.Release|Any CPU.ActiveCfg = Release|Any CPU
		{4B6B3208-991D-A002-65F4-05BF24146663}.Release|Any CPU.Build.0 = Release|Any CPU
	EndGlobalSection
	GlobalSection(SolutionProperties) = preSolution
		HideSolutionNode = FALSE
	EndGlobalSection
EndGlobal
